
Microsoft Visual Studio Solution File, Format Version 12.00
# Visual Studio 15
VisualStudioVersion = 15.0.27130.2010
MinimumVisualStudioVersion = 10.0.40219.1
Project("{888888A0-9F3D-457C-B088-3A5042F75D52}") = "Preformanater1", "Preformanater1\Preformanater1.pyproj", "{32ABDEB6-79BB-4A8E-9210-9399BF152C5D}"
EndProject
Global
	GlobalSection(SolutionConfigurationPlatforms) = preSolution
		Debug|Any CPU = Debug|Any CPU
		Release|Any CPU = Release|Any CPU
	EndGlobalSection
	GlobalSection(ProjectConfigurationPlatforms) = postSolution
		{32ABDEB6-79BB-4A8E-9210-9399BF152C5D}.Debug|Any CPU.ActiveCfg = Debug|Any CPU
		{32ABDEB6-79BB-4A8E-9210-9399BF152C5D}.Release|Any CPU.ActiveCfg = Release|Any CPU
	EndGlobalSection
	GlobalSection(SolutionProperties) = preSolution
		HideSolutionNode = FALSE
	EndGlobalSection
	GlobalSection(ExtensibilityGlobals) = postSolution
		SolutionGuid = {04959F35-E39E-4FC9-BB39-6E0AEC3DA2AB}
	EndGlobalSection
EndGlobal
